
Microsoft Visual Studio Solution File, Format Version 12.00
# Visual Studio Version 16
VisualStudioVersion = 16.0.31729.503
MinimumVisualStudioVersion = 10.0.40219.1
Project("{8BC9CEB8-8B4A-11D0-8D11-00A0C91BC942}") = "Merge_Sort", "Merge_Sort\Merge_Sort.vcxproj", "{72F96B0D-3306-4415-8893-EFAF3092E884}"
EndProject
Global
	GlobalSection(SolutionConfigurationPlatforms) = preSolution
		Debug|x64 = Debug|x64
		Debug|x86 = Debug|x86
		Release|x64 = Release|x64
		Release|x86 = Release|x86
	EndGlobalSection
	GlobalSection(ProjectConfigurationPlatforms) = postSolution
		{72F96B0D-3306-4415-8893-EFAF3092E884}.Debug|x64.ActiveCfg = Debug|x64
		{72F96B0D-3306-4415-8893-EFAF3092E884}.Debug|x64.Build.0 = Debug|x64
		{72F96B0D-3306-4415-8893-EFAF3092E884}.Debug|x86.ActiveCfg = Debug|Win32
		{72F96B0D-3306-4415-8893-EFAF3092E884}.Debug|x86.Build.0 = Debug|Win32
		{72F96B0D-3306-4415-8893-EFAF3092E884}.Release|x64.ActiveCfg = Release|x64
		{72F96B0D-3306-4415-8893-EFAF3092E884}.Release|x64.Build.0 = Release|x64
		{72F96B0D-3306-4415-8893-EFAF3092E884}.Release|x86.ActiveCfg = Release|Win32
		{72F96B0D-3306-4415-8893-EFAF3092E884}.Release|x86.Build.0 = Release|Win32
	EndGlobalSection
	GlobalSection(SolutionProperties) = preSolution
		HideSolutionNode = FALSE
	EndGlobalSection
	GlobalSection(ExtensibilityGlobals) = postSolution
		SolutionGuid = {7611A2DD-ACCB-42D3-A988-91F4E7BEF050}
	EndGlobalSection
EndGlobal
